// !$*UTF8*$!
{
	archiveVersion = 1;
	classes = {
	};
	objectVersion = 56;
	objects = {

/* Begin PBXBuildFile section */
		3F3147D829FF982700BAECFC /* EvaluationView.swift in Sources */ = {isa = PBXBuildFile; fileRef = 3F3147D729FF982700BAECFC /* EvaluationView.swift */; };
		3F3147DA29FF983300BAECFC /* SettingView.swift in Sources */ = {isa = PBXBuildFile; fileRef = 3F3147D929FF983300BAECFC /* SettingView.swift */; };
		3F4B9F922A04DA9300E6AD03 /* Lottie in Frameworks */ = {isa = PBXBuildFile; productRef = 3F4B9F912A04DA9300E6AD03 /* Lottie */; };
		3F4B9F942A04EAE300E6AD03 /* LoginView.swift in Sources */ = {isa = PBXBuildFile; fileRef = 3F4B9F932A04EAE300E6AD03 /* LoginView.swift */; };
		3F4B9F962A04EB0400E6AD03 /* SignUpView.swift in Sources */ = {isa = PBXBuildFile; fileRef = 3F4B9F952A04EB0400E6AD03 /* SignUpView.swift */; };
		3F4B9F982A04EB3300E6AD03 /* LottieView.swift in Sources */ = {isa = PBXBuildFile; fileRef = 3F4B9F972A04EB3300E6AD03 /* LottieView.swift */; };
		3F4B9F9C2A04EB6200E6AD03 /* LoadingView.swift in Sources */ = {isa = PBXBuildFile; fileRef = 3F4B9F9B2A04EB6200E6AD03 /* LoadingView.swift */; };
		3F4B9F9E2A04EBB500E6AD03 /* Loading.json in Resources */ = {isa = PBXBuildFile; fileRef = 3F4B9F9D2A04EBB500E6AD03 /* Loading.json */; };
		3F61AAD229FE397700AABC4D /* G_3280App.swift in Sources */ = {isa = PBXBuildFile; fileRef = 3F61AAD129FE397700AABC4D /* G_3280App.swift */; };
		3F61AAD429FE397700AABC4D /* ContentView.swift in Sources */ = {isa = PBXBuildFile; fileRef = 3F61AAD329FE397700AABC4D /* ContentView.swift */; };
		3F61AAD629FE397900AABC4D /* Assets.xcassets in Resources */ = {isa = PBXBuildFile; fileRef = 3F61AAD529FE397900AABC4D /* Assets.xcassets */; };
		3F61AAD929FE397900AABC4D /* Preview Assets.xcassets in Resources */ = {isa = PBXBuildFile; fileRef = 3F61AAD829FE397900AABC4D /* Preview Assets.xcassets */; };
		3F61AAEB29FE483900AABC4D /* Color+Extension.swift in Sources */ = {isa = PBXBuildFile; fileRef = 3F61AAEA29FE483900AABC4D /* Color+Extension.swift */; };
		3F61AAF629FF7ED500AABC4D /* HomeView.swift in Sources */ = {isa = PBXBuildFile; fileRef = 3F61AAF529FF7ED500AABC4D /* HomeView.swift */; };
		3F61AAF829FF7EF200AABC4D /* MissionView.swift in Sources */ = {isa = PBXBuildFile; fileRef = 3F61AAF729FF7EF200AABC4D /* MissionView.swift */; };
		3F73D08E2A02A38B00794C96 /* CharacterModel.swift in Sources */ = {isa = PBXBuildFile; fileRef = 3F73D08D2A02A38B00794C96 /* CharacterModel.swift */; };
		3F7C968D2A0790F100C10436 /* GoogleService-Info.plist in Resources */ = {isa = PBXBuildFile; fileRef = 3F7C968C2A0790F100C10436 /* GoogleService-Info.plist */; };
		3F7C968F2A07A80500C10436 /* AuthViewModel.swift in Sources */ = {isa = PBXBuildFile; fileRef = 3F7C968E2A07A80500C10436 /* AuthViewModel.swift */; };
		3F7C96932A07E56F00C10436 /* MainView.swift in Sources */ = {isa = PBXBuildFile; fileRef = 3F7C96922A07E56F00C10436 /* MainView.swift */; };
		3F7C96972A08E91C00C10436 /* SignUpViewModel.swift in Sources */ = {isa = PBXBuildFile; fileRef = 3F7C96962A08E91C00C10436 /* SignUpViewModel.swift */; };
		3F7C96992A0B35C400C10436 /* CompletedView.swift in Sources */ = {isa = PBXBuildFile; fileRef = 3F7C96982A0B35C400C10436 /* CompletedView.swift */; };
		3F7C96A42A0CA8AD00C10436 /* FirebaseAuth in Frameworks */ = {isa = PBXBuildFile; productRef = 3F7C96A32A0CA8AD00C10436 /* FirebaseAuth */; };
		3F7C96A62A0CA8AD00C10436 /* FirebaseFirestore in Frameworks */ = {isa = PBXBuildFile; productRef = 3F7C96A52A0CA8AD00C10436 /* FirebaseFirestore */; };
		3F7C96A82A0CA8AD00C10436 /* FirebaseFirestoreCombine-Community in Frameworks */ = {isa = PBXBuildFile; productRef = 3F7C96A72A0CA8AD00C10436 /* FirebaseFirestoreCombine-Community */; };
		3F7C96AA2A0CA8AD00C10436 /* FirebaseFirestoreSwift in Frameworks */ = {isa = PBXBuildFile; productRef = 3F7C96A92A0CA8AD00C10436 /* FirebaseFirestoreSwift */; };
		3F7C96AC2A0CA8AD00C10436 /* FirebaseMessaging in Frameworks */ = {isa = PBXBuildFile; productRef = 3F7C96AB2A0CA8AD00C10436 /* FirebaseMessaging */; };
		3F7C96B02A0E203100C10436 /* MissionModel.swift in Sources */ = {isa = PBXBuildFile; fileRef = 3F7C96AF2A0E203100C10436 /* MissionModel.swift */; };
		3F7C96B22A0E3D7100C10436 /* MissionViewModel.swift in Sources */ = {isa = PBXBuildFile; fileRef = 3F7C96B12A0E3D7100C10436 /* MissionViewModel.swift */; };
		3F7C96B42A0E3E1100C10436 /* MissionCardView.swift in Sources */ = {isa = PBXBuildFile; fileRef = 3F7C96B32A0E3E1100C10436 /* MissionCardView.swift */; };
		3FF9D4982A023CA500973C55 /* CharacterCardView.swift in Sources */ = {isa = PBXBuildFile; fileRef = 3FF9D4972A023CA500973C55 /* CharacterCardView.swift */; };
/* End PBXBuildFile section */

/* Begin PBXFileReference section */
		3F3147D729FF982700BAECFC /* EvaluationView.swift */ = {isa = PBXFileReference; lastKnownFileType = sourcecode.swift; path = EvaluationView.swift; sourceTree = "<group>"; };
		3F3147D929FF983300BAECFC /* SettingView.swift */ = {isa = PBXFileReference; lastKnownFileType = sourcecode.swift; path = SettingView.swift; sourceTree = "<group>"; };
		3F4B9F932A04EAE300E6AD03 /* LoginView.swift */ = {isa = PBXFileReference; lastKnownFileType = sourcecode.swift; path = LoginView.swift; sourceTree = "<group>"; };
		3F4B9F952A04EB0400E6AD03 /* SignUpView.swift */ = {isa = PBXFileReference; lastKnownFileType = sourcecode.swift; path = SignUpView.swift; sourceTree = "<group>"; };
		3F4B9F972A04EB3300E6AD03 /* LottieView.swift */ = {isa = PBXFileReference; lastKnownFileType = sourcecode.swift; path = LottieView.swift; sourceTree = "<group>"; };
		3F4B9F9B2A04EB6200E6AD03 /* LoadingView.swift */ = {isa = PBXFileReference; lastKnownFileType = sourcecode.swift; path = LoadingView.swift; sourceTree = "<group>"; };
		3F4B9F9D2A04EBB500E6AD03 /* Loading.json */ = {isa = PBXFileReference; fileEncoding = 4; lastKnownFileType = text.json; name = Loading.json; path = ../../../../Downloads/Loading.json; sourceTree = "<group>"; };
		3F61AACE29FE397700AABC4D /* G-3280.app */ = {isa = PBXFileReference; explicitFileType = wrapper.application; includeInIndex = 0; path = "G-3280.app"; sourceTree = BUILT_PRODUCTS_DIR; };
		3F61AAD129FE397700AABC4D /* G_3280App.swift */ = {isa = PBXFileReference; lastKnownFileType = sourcecode.swift; path = G_3280App.swift; sourceTree = "<group>"; };
		3F61AAD329FE397700AABC4D /* ContentView.swift */ = {isa = PBXFileReference; lastKnownFileType = sourcecode.swift; path = ContentView.swift; sourceTree = "<group>"; };
		3F61AAD529FE397900AABC4D /* Assets.xcassets */ = {isa = PBXFileReference; lastKnownFileType = folder.assetcatalog; path = Assets.xcassets; sourceTree = "<group>"; };
		3F61AAD829FE397900AABC4D /* Preview Assets.xcassets */ = {isa = PBXFileReference; lastKnownFileType = folder.assetcatalog; path = "Preview Assets.xcassets"; sourceTree = "<group>"; };
		3F61AAEA29FE483900AABC4D /* Color+Extension.swift */ = {isa = PBXFileReference; lastKnownFileType = sourcecode.swift; path = "Color+Extension.swift"; sourceTree = "<group>"; };
		3F61AAF529FF7ED500AABC4D /* HomeView.swift */ = {isa = PBXFileReference; lastKnownFileType = sourcecode.swift; path = HomeView.swift; sourceTree = "<group>"; };
		3F61AAF729FF7EF200AABC4D /* MissionView.swift */ = {isa = PBXFileReference; lastKnownFileType = sourcecode.swift; path = MissionView.swift; sourceTree = "<group>"; };
		3F73D08D2A02A38B00794C96 /* CharacterModel.swift */ = {isa = PBXFileReference; lastKnownFileType = sourcecode.swift; path = CharacterModel.swift; sourceTree = "<group>"; };
		3F7C968C2A0790F100C10436 /* GoogleService-Info.plist */ = {isa = PBXFileReference; fileEncoding = 4; lastKnownFileType = text.plist.xml; path = "GoogleService-Info.plist"; sourceTree = "<group>"; };
		3F7C968E2A07A80500C10436 /* AuthViewModel.swift */ = {isa = PBXFileReference; lastKnownFileType = sourcecode.swift; path = AuthViewModel.swift; sourceTree = "<group>"; };
		3F7C96922A07E56F00C10436 /* MainView.swift */ = {isa = PBXFileReference; lastKnownFileType = sourcecode.swift; path = MainView.swift; sourceTree = "<group>"; };
		3F7C96962A08E91C00C10436 /* SignUpViewModel.swift */ = {isa = PBXFileReference; lastKnownFileType = sourcecode.swift; path = SignUpViewModel.swift; sourceTree = "<group>"; };
		3F7C96982A0B35C400C10436 /* CompletedView.swift */ = {isa = PBXFileReference; lastKnownFileType = sourcecode.swift; path = CompletedView.swift; sourceTree = "<group>"; };
		3F7C96AF2A0E203100C10436 /* MissionModel.swift */ = {isa = PBXFileReference; lastKnownFileType = sourcecode.swift; path = MissionModel.swift; sourceTree = "<group>"; };
		3F7C96B12A0E3D7100C10436 /* MissionViewModel.swift */ = {isa = PBXFileReference; lastKnownFileType = sourcecode.swift; path = MissionViewModel.swift; sourceTree = "<group>"; };
		3F7C96B32A0E3E1100C10436 /* MissionCardView.swift */ = {isa = PBXFileReference; lastKnownFileType = sourcecode.swift; path = MissionCardView.swift; sourceTree = "<group>"; };
		3FF9D4972A023CA500973C55 /* CharacterCardView.swift */ = {isa = PBXFileReference; lastKnownFileType = sourcecode.swift; path = CharacterCardView.swift; sourceTree = "<group>"; };
/* End PBXFileReference section */

/* Begin PBXFrameworksBuildPhase section */
		3F61AACB29FE397700AABC4D /* Frameworks */ = {
			isa = PBXFrameworksBuildPhase;
			buildActionMask = 2147483647;
			files = (
				3F7C96AC2A0CA8AD00C10436 /* FirebaseMessaging in Frameworks */,
				3F7C96AA2A0CA8AD00C10436 /* FirebaseFirestoreSwift in Frameworks */,
				3F4B9F922A04DA9300E6AD03 /* Lottie in Frameworks */,
				3F7C96A82A0CA8AD00C10436 /* FirebaseFirestoreCombine-Community in Frameworks */,
				3F7C96A42A0CA8AD00C10436 /* FirebaseAuth in Frameworks */,
				3F7C96A62A0CA8AD00C10436 /* FirebaseFirestore in Frameworks */,
			);
			runOnlyForDeploymentPostprocessing = 0;
		};
/* End PBXFrameworksBuildPhase section */

/* Begin PBXGroup section */
		3F61AAC529FE397700AABC4D = {
			isa = PBXGroup;
			children = (
				3F61AAD029FE397700AABC4D /* G-3280 */,
				3F61AACF29FE397700AABC4D /* Products */,
			);
			sourceTree = "<group>";
		};
		3F61AACF29FE397700AABC4D /* Products */ = {
			isa = PBXGroup;
			children = (
				3F61AACE29FE397700AABC4D /* G-3280.app */,
			);
			name = Products;
			sourceTree = "<group>";
		};
		3F61AAD029FE397700AABC4D /* G-3280 */ = {
			isa = PBXGroup;
			children = (
				3F7C968C2A0790F100C10436 /* GoogleService-Info.plist */,
				3F7C96892A077D7200C10436 /* ViewModel */,
				3F73D08C2A02A37000794C96 /* Model */,
				3F61AAF429FF7ECB00AABC4D /* View */,
				3F61AAEC29FE484400AABC4D /* Extension */,
				3F61AAD129FE397700AABC4D /* G_3280App.swift */,
				3F61AAD329FE397700AABC4D /* ContentView.swift */,
				3F61AAD529FE397900AABC4D /* Assets.xcassets */,
				3F4B9F9D2A04EBB500E6AD03 /* Loading.json */,
				3F61AAD729FE397900AABC4D /* Preview Content */,
			);
			path = "G-3280";
			sourceTree = "<group>";
		};
		3F61AAD729FE397900AABC4D /* Preview Content */ = {
			isa = PBXGroup;
			children = (
				3F61AAD829FE397900AABC4D /* Preview Assets.xcassets */,
			);
			path = "Preview Content";
			sourceTree = "<group>";
		};
		3F61AAEC29FE484400AABC4D /* Extension */ = {
			isa = PBXGroup;
			children = (
				3F61AAEA29FE483900AABC4D /* Color+Extension.swift */,
			);
			path = Extension;
			sourceTree = "<group>";
		};
		3F61AAF429FF7ECB00AABC4D /* View */ = {
			isa = PBXGroup;
			children = (
				3F61AAF729FF7EF200AABC4D /* MissionView.swift */,
				3F7C96B32A0E3E1100C10436 /* MissionCardView.swift */,
				3F3147D729FF982700BAECFC /* EvaluationView.swift */,
				3F3147D929FF983300BAECFC /* SettingView.swift */,
				3FF9D4972A023CA500973C55 /* CharacterCardView.swift */,
				3F61AAF529FF7ED500AABC4D /* HomeView.swift */,
				3F4B9F932A04EAE300E6AD03 /* LoginView.swift */,
				3F4B9F972A04EB3300E6AD03 /* LottieView.swift */,
				3F4B9F952A04EB0400E6AD03 /* SignUpView.swift */,
				3F4B9F9B2A04EB6200E6AD03 /* LoadingView.swift */,
				3F7C96922A07E56F00C10436 /* MainView.swift */,
				3F7C96982A0B35C400C10436 /* CompletedView.swift */,
			);
			path = View;
			sourceTree = "<group>";
		};
		3F73D08C2A02A37000794C96 /* Model */ = {
			isa = PBXGroup;
			children = (
				3F73D08D2A02A38B00794C96 /* CharacterModel.swift */,
				3F7C96AF2A0E203100C10436 /* MissionModel.swift */,
			);
			path = Model;
			sourceTree = "<group>";
		};
		3F7C96892A077D7200C10436 /* ViewModel */ = {
			isa = PBXGroup;
			children = (
				3F7C968E2A07A80500C10436 /* AuthViewModel.swift */,
				3F7C96962A08E91C00C10436 /* SignUpViewModel.swift */,
				3F7C96B12A0E3D7100C10436 /* MissionViewModel.swift */,
			);
			path = ViewModel;
			sourceTree = "<group>";
		};
/* End PBXGroup section */

/* Begin PBXNativeTarget section */
		3F61AACD29FE397700AABC4D /* G-3280 */ = {
			isa = PBXNativeTarget;
			buildConfigurationList = 3F61AADC29FE397900AABC4D /* Build configuration list for PBXNativeTarget "G-3280" */;
			buildPhases = (
				3F61AACA29FE397700AABC4D /* Sources */,
				3F61AACB29FE397700AABC4D /* Frameworks */,
				3F61AACC29FE397700AABC4D /* Resources */,
			);
			buildRules = (
			);
			dependencies = (
			);
			name = "G-3280";
			packageProductDependencies = (
				3F4B9F912A04DA9300E6AD03 /* Lottie */,
				3F7C96A32A0CA8AD00C10436 /* FirebaseAuth */,
				3F7C96A52A0CA8AD00C10436 /* FirebaseFirestore */,
				3F7C96A72A0CA8AD00C10436 /* FirebaseFirestoreCombine-Community */,
				3F7C96A92A0CA8AD00C10436 /* FirebaseFirestoreSwift */,
				3F7C96AB2A0CA8AD00C10436 /* FirebaseMessaging */,
			);
			productName = "G-3280";
			productReference = 3F61AACE29FE397700AABC4D /* G-3280.app */;
			productType = "com.apple.product-type.application";
		};
/* End PBXNativeTarget section */

/* Begin PBXProject section */
		3F61AAC629FE397700AABC4D /* Project object */ = {
			isa = PBXProject;
			attributes = {
				BuildIndependentTargetsInParallel = 1;
				LastSwiftUpdateCheck = 1430;
				LastUpgradeCheck = 1430;
				TargetAttributes = {
					3F61AACD29FE397700AABC4D = {
						CreatedOnToolsVersion = 14.3;
					};
				};
			};
			buildConfigurationList = 3F61AAC929FE397700AABC4D /* Build configuration list for PBXProject "G-3280" */;
			compatibilityVersion = "Xcode 14.0";
			developmentRegion = en;
			hasScannedForEncodings = 0;
			knownRegions = (
				en,
				Base,
			);
			mainGroup = 3F61AAC529FE397700AABC4D;
			packageReferences = (
				3F4B9F902A04DA9300E6AD03 /* XCRemoteSwiftPackageReference "lottie-ios" */,
				3F7C96A22A0CA8AD00C10436 /* XCRemoteSwiftPackageReference "firebase-ios-sdk" */,
			);
			productRefGroup = 3F61AACF29FE397700AABC4D /* Products */;
			projectDirPath = "";
			projectRoot = "";
			targets = (
				3F61AACD29FE397700AABC4D /* G-3280 */,
			);
		};
/* End PBXProject section */

/* Begin PBXResourcesBuildPhase section */
		3F61AACC29FE397700AABC4D /* Resources */ = {
			isa = PBXResourcesBuildPhase;
			buildActionMask = 2147483647;
			files = (
				3F61AAD929FE397900AABC4D /* Preview Assets.xcassets in Resources */,
				3F7C968D2A0790F100C10436 /* GoogleService-Info.plist in Resources */,
				3F61AAD629FE397900AABC4D /* Assets.xcassets in Resources */,
				3F4B9F9E2A04EBB500E6AD03 /* Loading.json in Resources */,
			);
			runOnlyForDeploymentPostprocessing = 0;
		};
/* End PBXResourcesBuildPhase section */

/* Begin PBXSourcesBuildPhase section */
		3F61AACA29FE397700AABC4D /* Sources */ = {
			isa = PBXSourcesBuildPhase;
			buildActionMask = 2147483647;
			files = (
				3F7C96B22A0E3D7100C10436 /* MissionViewModel.swift in Sources */,
				3F61AAD429FE397700AABC4D /* ContentView.swift in Sources */,
				3F61AAF629FF7ED500AABC4D /* HomeView.swift in Sources */,
				3F7C96992A0B35C400C10436 /* CompletedView.swift in Sources */,
				3F7C96972A08E91C00C10436 /* SignUpViewModel.swift in Sources */,
				3F3147D829FF982700BAECFC /* EvaluationView.swift in Sources */,
				3F3147DA29FF983300BAECFC /* SettingView.swift in Sources */,
				3F7C96B42A0E3E1100C10436 /* MissionCardView.swift in Sources */,
				3FF9D4982A023CA500973C55 /* CharacterCardView.swift in Sources */,
				3F4B9F962A04EB0400E6AD03 /* SignUpView.swift in Sources */,
				3F7C968F2A07A80500C10436 /* AuthViewModel.swift in Sources */,
				3F61AAEB29FE483900AABC4D /* Color+Extension.swift in Sources */,
				3F73D08E2A02A38B00794C96 /* CharacterModel.swift in Sources */,
				3F61AAD229FE397700AABC4D /* G_3280App.swift in Sources */,
				3F4B9F942A04EAE300E6AD03 /* LoginView.swift in Sources */,
				3F61AAF829FF7EF200AABC4D /* MissionView.swift in Sources */,
				3F7C96B02A0E203100C10436 /* MissionModel.swift in Sources */,
				3F4B9F9C2A04EB6200E6AD03 /* LoadingView.swift in Sources */,
				3F7C96932A07E56F00C10436 /* MainView.swift in Sources */,
				3F4B9F982A04EB3300E6AD03 /* LottieView.swift in Sources */,
			);
			runOnlyForDeploymentPostprocessing = 0;
		};
/* End PBXSourcesBuildPhase section */

/* Begin XCBuildConfiguration section */
		3F61AADA29FE397900AABC4D /* Debug */ = {
			isa = XCBuildConfiguration;
			buildSettings = {
				ALWAYS_SEARCH_USER_PATHS = NO;
				CLANG_ANALYZER_NONNULL = YES;
				CLANG_ANALYZER_NUMBER_OBJECT_CONVERSION = YES_AGGRESSIVE;
				CLANG_CXX_LANGUAGE_STANDARD = "gnu++20";
				CLANG_ENABLE_MODULES = YES;
				CLANG_ENABLE_OBJC_ARC = YES;
				CLANG_ENABLE_OBJC_WEAK = YES;
				CLANG_WARN_BLOCK_CAPTURE_AUTORELEASING = YES;
				CLANG_WARN_BOOL_CONVERSION = YES;
				CLANG_WARN_COMMA = YES;
				CLANG_WARN_CONSTANT_CONVERSION = YES;
				CLANG_WARN_DEPRECATED_OBJC_IMPLEMENTATIONS = YES;
				CLANG_WARN_DIRECT_OBJC_ISA_USAGE = YES_ERROR;
				CLANG_WARN_DOCUMENTATION_COMMENTS = YES;
				CLANG_WARN_EMPTY_BODY = YES;
				CLANG_WARN_ENUM_CONVERSION = YES;
				CLANG_WARN_INFINITE_RECURSION = YES;
				CLANG_WARN_INT_CONVERSION = YES;
				CLANG_WARN_NON_LITERAL_NULL_CONVERSION = YES;
				CLANG_WARN_OBJC_IMPLICIT_RETAIN_SELF = YES;
				CLANG_WARN_OBJC_LITERAL_CONVERSION = YES;
				CLANG_WARN_OBJC_ROOT_CLASS = YES_ERROR;
				CLANG_WARN_QUOTED_INCLUDE_IN_FRAMEWORK_HEADER = YES;
				CLANG_WARN_RANGE_LOOP_ANALYSIS = YES;
				CLANG_WARN_STRICT_PROTOTYPES = YES;
				CLANG_WARN_SUSPICIOUS_MOVE = YES;
				CLANG_WARN_UNGUARDED_AVAILABILITY = YES_AGGRESSIVE;
				CLANG_WARN_UNREACHABLE_CODE = YES;
				CLANG_WARN__DUPLICATE_METHOD_MATCH = YES;
				COPY_PHASE_STRIP = NO;
				DEBUG_INFORMATION_FORMAT = dwarf;
				ENABLE_STRICT_OBJC_MSGSEND = YES;
				ENABLE_TESTABILITY = YES;
				GCC_C_LANGUAGE_STANDARD = gnu11;
				GCC_DYNAMIC_NO_PIC = NO;
				GCC_NO_COMMON_BLOCKS = YES;
				GCC_OPTIMIZATION_LEVEL = 0;
				GCC_PREPROCESSOR_DEFINITIONS = (
					"DEBUG=1",
					"$(inherited)",
				);
				GCC_WARN_64_TO_32_BIT_CONVERSION = YES;
				GCC_WARN_ABOUT_RETURN_TYPE = YES_ERROR;
				GCC_WARN_UNDECLARED_SELECTOR = YES;
				GCC_WARN_UNINITIALIZED_AUTOS = YES_AGGRESSIVE;
				GCC_WARN_UNUSED_FUNCTION = YES;
				GCC_WARN_UNUSED_VARIABLE = YES;
				IPHONEOS_DEPLOYMENT_TARGET = 16.4;
				MTL_ENABLE_DEBUG_INFO = INCLUDE_SOURCE;
				MTL_FAST_MATH = YES;
				ONLY_ACTIVE_ARCH = YES;
				SDKROOT = iphoneos;
				SWIFT_ACTIVE_COMPILATION_CONDITIONS = DEBUG;
				SWIFT_OPTIMIZATION_LEVEL = "-Onone";
			};
			name = Debug;
		};
		3F61AADB29FE397900AABC4D /* Release */ = {
			isa = XCBuildConfiguration;
			buildSettings = {
				ALWAYS_SEARCH_USER_PATHS = NO;
				CLANG_ANALYZER_NONNULL = YES;
				CLANG_ANALYZER_NUMBER_OBJECT_CONVERSION = YES_AGGRESSIVE;
				CLANG_CXX_LANGUAGE_STANDARD = "gnu++20";
				CLANG_ENABLE_MODULES = YES;
				CLANG_ENABLE_OBJC_ARC = YES;
				CLANG_ENABLE_OBJC_WEAK = YES;
				CLANG_WARN_BLOCK_CAPTURE_AUTORELEASING = YES;
				CLANG_WARN_BOOL_CONVERSION = YES;
				CLANG_WARN_COMMA = YES;
				CLANG_WARN_CONSTANT_CONVERSION = YES;
				CLANG_WARN_DEPRECATED_OBJC_IMPLEMENTATIONS = YES;
				CLANG_WARN_DIRECT_OBJC_ISA_USAGE = YES_ERROR;
				CLANG_WARN_DOCUMENTATION_COMMENTS = YES;
				CLANG_WARN_EMPTY_BODY = YES;
				CLANG_WARN_ENUM_CONVERSION = YES;
				CLANG_WARN_INFINITE_RECURSION = YES;
				CLANG_WARN_INT_CONVERSION = YES;
				CLANG_WARN_NON_LITERAL_NULL_CONVERSION = YES;
				CLANG_WARN_OBJC_IMPLICIT_RETAIN_SELF = YES;
				CLANG_WARN_OBJC_LITERAL_CONVERSION = YES;
				CLANG_WARN_OBJC_ROOT_CLASS = YES_ERROR;
				CLANG_WARN_QUOTED_INCLUDE_IN_FRAMEWORK_HEADER = YES;
				CLANG_WARN_RANGE_LOOP_ANALYSIS = YES;
				CLANG_WARN_STRICT_PROTOTYPES = YES;
				CLANG_WARN_SUSPICIOUS_MOVE = YES;
				CLANG_WARN_UNGUARDED_AVAILABILITY = YES_AGGRESSIVE;
				CLANG_WARN_UNREACHABLE_CODE = YES;
				CLANG_WARN__DUPLICATE_METHOD_MATCH = YES;
				COPY_PHASE_STRIP = NO;
				DEBUG_INFORMATION_FORMAT = "dwarf-with-dsym";
				ENABLE_NS_ASSERTIONS = NO;
				ENABLE_STRICT_OBJC_MSGSEND = YES;
				GCC_C_LANGUAGE_STANDARD = gnu11;
				GCC_NO_COMMON_BLOCKS = YES;
				GCC_WARN_64_TO_32_BIT_CONVERSION = YES;
				GCC_WARN_ABOUT_RETURN_TYPE = YES_ERROR;
				GCC_WARN_UNDECLARED_SELECTOR = YES;
				GCC_WARN_UNINITIALIZED_AUTOS = YES_AGGRESSIVE;
				GCC_WARN_UNUSED_FUNCTION = YES;
				GCC_WARN_UNUSED_VARIABLE = YES;
				IPHONEOS_DEPLOYMENT_TARGET = 16.4;
				MTL_ENABLE_DEBUG_INFO = NO;
				MTL_FAST_MATH = YES;
				SDKROOT = iphoneos;
				SWIFT_COMPILATION_MODE = wholemodule;
				SWIFT_OPTIMIZATION_LEVEL = "-O";
				VALIDATE_PRODUCT = YES;
			};
			name = Release;
		};
		3F61AADD29FE397900AABC4D /* Debug */ = {
			isa = XCBuildConfiguration;
			buildSettings = {
				ASSETCATALOG_COMPILER_APPICON_NAME = AppIcon;
				ASSETCATALOG_COMPILER_GLOBAL_ACCENT_COLOR_NAME = AccentColor;
				CODE_SIGN_STYLE = Automatic;
				CURRENT_PROJECT_VERSION = 1;
				DEVELOPMENT_ASSET_PATHS = "\"G-3280/Preview Content\"";
				DEVELOPMENT_TEAM = N3H27N59VG;
				ENABLE_PREVIEWS = YES;
				GENERATE_INFOPLIST_FILE = YES;
				INFOPLIST_KEY_UIApplicationSceneManifest_Generation = YES;
				INFOPLIST_KEY_UIApplicationSupportsIndirectInputEvents = YES;
				INFOPLIST_KEY_UILaunchScreen_Generation = YES;
				INFOPLIST_KEY_UISupportedInterfaceOrientations_iPad = "UIInterfaceOrientationPortrait UIInterfaceOrientationPortraitUpsideDown UIInterfaceOrientationLandscapeLeft UIInterfaceOrientationLandscapeRight";
				INFOPLIST_KEY_UISupportedInterfaceOrientations_iPhone = "UIInterfaceOrientationPortrait UIInterfaceOrientationLandscapeLeft UIInterfaceOrientationLandscapeRight";
				LD_RUNPATH_SEARCH_PATHS = (
					"$(inherited)",
					"@executable_path/Frameworks",
				);
				MARKETING_VERSION = 1.0;
				PRODUCT_BUNDLE_IDENTIFIER = "com.Niro.G-3280";
				PRODUCT_NAME = "$(TARGET_NAME)";
				SWIFT_EMIT_LOC_STRINGS = YES;
				SWIFT_VERSION = 5.0;
				TARGETED_DEVICE_FAMILY = "1,2";
			};
			name = Debug;
		};
		3F61AADE29FE397900AABC4D /* Release */ = {
			isa = XCBuildConfiguration;
			buildSettings = {
				ASSETCATALOG_COMPILER_APPICON_NAME = AppIcon;
				ASSETCATALOG_COMPILER_GLOBAL_ACCENT_COLOR_NAME = AccentColor;
				CODE_SIGN_STYLE = Automatic;
				CURRENT_PROJECT_VERSION = 1;
				DEVELOPMENT_ASSET_PATHS = "\"G-3280/Preview Content\"";
				DEVELOPMENT_TEAM = N3H27N59VG;
				ENABLE_PREVIEWS = YES;
				GENERATE_INFOPLIST_FILE = YES;
				INFOPLIST_KEY_UIApplicationSceneManifest_Generation = YES;
				INFOPLIST_KEY_UIApplicationSupportsIndirectInputEvents = YES;
				INFOPLIST_KEY_UILaunchScreen_Generation = YES;
				INFOPLIST_KEY_UISupportedInterfaceOrientations_iPad = "UIInterfaceOrientationPortrait UIInterfaceOrientationPortraitUpsideDown UIInterfaceOrientationLandscapeLeft UIInterfaceOrientationLandscapeRight";
				INFOPLIST_KEY_UISupportedInterfaceOrientations_iPhone = "UIInterfaceOrientationPortrait UIInterfaceOrientationLandscapeLeft UIInterfaceOrientationLandscapeRight";
				LD_RUNPATH_SEARCH_PATHS = (
					"$(inherited)",
					"@executable_path/Frameworks",
				);
				MARKETING_VERSION = 1.0;
				PRODUCT_BUNDLE_IDENTIFIER = "com.Niro.G-3280";
				PRODUCT_NAME = "$(TARGET_NAME)";
				SWIFT_EMIT_LOC_STRINGS = YES;
				SWIFT_VERSION = 5.0;
				TARGETED_DEVICE_FAMILY = "1,2";
			};
			name = Release;
		};
/* End XCBuildConfiguration section */

/* Begin XCConfigurationList section */
		3F61AAC929FE397700AABC4D /* Build configuration list for PBXProject "G-3280" */ = {
			isa = XCConfigurationList;
			buildConfigurations = (
				3F61AADA29FE397900AABC4D /* Debug */,
				3F61AADB29FE397900AABC4D /* Release */,
			);
			defaultConfigurationIsVisible = 0;
			defaultConfigurationName = Release;
		};
		3F61AADC29FE397900AABC4D /* Build configuration list for PBXNativeTarget "G-3280" */ = {
			isa = XCConfigurationList;
			buildConfigurations = (
				3F61AADD29FE397900AABC4D /* Debug */,
				3F61AADE29FE397900AABC4D /* Release */,
			);
			defaultConfigurationIsVisible = 0;
			defaultConfigurationName = Release;
		};
/* End XCConfigurationList section */

/* Begin XCRemoteSwiftPackageReference section */
		3F4B9F902A04DA9300E6AD03 /* XCRemoteSwiftPackageReference "lottie-ios" */ = {
			isa = XCRemoteSwiftPackageReference;
			repositoryURL = "https://github.com/airbnb/lottie-ios.git";
			requirement = {
				kind = upToNextMajorVersion;
				minimumVersion = 4.0.0;
			};
		};
		3F7C96A22A0CA8AD00C10436 /* XCRemoteSwiftPackageReference "firebase-ios-sdk" */ = {
			isa = XCRemoteSwiftPackageReference;
			repositoryURL = "https://github.com/firebase/firebase-ios-sdk.git";
			requirement = {
				kind = upToNextMajorVersion;
				minimumVersion = 10.0.0;
			};
		};
/* End XCRemoteSwiftPackageReference section */

/* Begin XCSwiftPackageProductDependency section */
		3F4B9F912A04DA9300E6AD03 /* Lottie */ = {
			isa = XCSwiftPackageProductDependency;
			package = 3F4B9F902A04DA9300E6AD03 /* XCRemoteSwiftPackageReference "lottie-ios" */;
			productName = Lottie;
		};
		3F7C96A32A0CA8AD00C10436 /* FirebaseAuth */ = {
			isa = XCSwiftPackageProductDependency;
			package = 3F7C96A22A0CA8AD00C10436 /* XCRemoteSwiftPackageReference "firebase-ios-sdk" */;
			productName = FirebaseAuth;
		};
		3F7C96A52A0CA8AD00C10436 /* FirebaseFirestore */ = {
			isa = XCSwiftPackageProductDependency;
			package = 3F7C96A22A0CA8AD00C10436 /* XCRemoteSwiftPackageReference "firebase-ios-sdk" */;
			productName = FirebaseFirestore;
		};
		3F7C96A72A0CA8AD00C10436 /* FirebaseFirestoreCombine-Community */ = {
			isa = XCSwiftPackageProductDependency;
			package = 3F7C96A22A0CA8AD00C10436 /* XCRemoteSwiftPackageReference "firebase-ios-sdk" */;
			productName = "FirebaseFirestoreCombine-Community";
		};
		3F7C96A92A0CA8AD00C10436 /* FirebaseFirestoreSwift */ = {
			isa = XCSwiftPackageProductDependency;
			package = 3F7C96A22A0CA8AD00C10436 /* XCRemoteSwiftPackageReference "firebase-ios-sdk" */;
			productName = FirebaseFirestoreSwift;
		};
		3F7C96AB2A0CA8AD00C10436 /* FirebaseMessaging */ = {
			isa = XCSwiftPackageProductDependency;
			package = 3F7C96A22A0CA8AD00C10436 /* XCRemoteSwiftPackageReference "firebase-ios-sdk" */;
			productName = FirebaseMessaging;
		};
/* End XCSwiftPackageProductDependency section */
	};
	rootObject = 3F61AAC629FE397700AABC4D /* Project object */;
}
